Microsoft Visual Studio Solution File, Format Version 9.00
# Visual Studio 2005
Project("{FAE04EC0-301F-11D3-BF4B-00C04F79EFBC}") = "WebApplication9", "WebSite\WebApplication9.csproj", "{92A41830-2A3C-41F2-BB84-D4C9DB9D6B4F}"
	ProjectSection(WebsiteProperties) = preProject
		Debug.AspNetCompiler.Debug = "True"
		Release.AspNetCompiler.Debug = "False"
	EndProjectSection
EndProject
Global
	GlobalSection(SolutionConfigurationPlatforms) = preSolution
		Debug|Any CPU = Debug|Any CPU
		Release|Any CPU = Release|Any CPU
	EndGlobalSection
	GlobalSection(ProjectConfigurationPlatforms) = postSolution
		{92A41830-2A3C-41F2-BB84-D4C9DB9D6B4F}.Debug|Any CPU.ActiveCfg = Debug|Any CPU
		{92A41830-2A3C-41F2-BB84-D4C9DB9D6B4F}.Debug|Any CPU.Build.0 = Debug|Any CPU
		{92A41830-2A3C-41F2-BB84-D4C9DB9D6B4F}.Release|Any CPU.ActiveCfg = Release|Any CPU
		{92A41830-2A3C-41F2-BB84-D4C9DB9D6B4F}.Release|Any CPU.Build.0 = Release|Any CPU
	EndGlobalSection
	GlobalSection(SolutionProperties) = preSolution
		HideSolutionNode = FALSE
	EndGlobalSection
EndGlobal
